
Microsoft Visual Studio Solution File, Format Version 12.00
# Visual Studio Version 16
VisualStudioVersion = 16.0.29020.237
MinimumVisualStudioVersion = 10.0.40219.1
Project("{9A19103F-16F7-4668-BE54-9A1E7A4F7556}") = "NetCore-UnitTestBusiness", "NetCore-UnitTestBusiness\NetCore-UnitTestBusiness.csproj", "{27EB230E-4D9D-49AB-B64A-8A76F039A5E1}"
EndProject
Project("{9A19103F-16F7-4668-BE54-9A1E7A4F7556}") = "NetCore-UnitTestModel", "NetCore-UnitTestModel\NetCore-UnitTestModel.csproj", "{6720438E-7D9A-4A0C-8204-EAB9BC8288C6}"
EndProject
Project("{9A19103F-16F7-4668-BE54-9A1E7A4F7556}") = "NetCore-UnitTestData", "NetCore-UnitTestData\NetCore-UnitTestData.csproj", "{C7DA1736-850B-44A8-A717-815A30AB1E25}"
EndProject
Project("{9A19103F-16F7-4668-BE54-9A1E7A4F7556}") = "NetCore-UnitTestEntity", "NetCore-UnitTestEntity\NetCore-UnitTestEntity.csproj", "{E5257487-1BFD-4E9C-B09E-E169A1FAAB96}"
EndProject
Project("{FAE04EC0-301F-11D3-BF4B-00C04F79EFBC}") = "NetCore-UnitTestXUnit", "NetCore-UnitTestXUnit\NetCore-UnitTestXUnit.csproj", "{9CA67BC9-56A9-4C6D-B6F7-33B9A2D0511F}"
EndProject
Project("{FAE04EC0-301F-11D3-BF4B-00C04F79EFBC}") = "NetCore-UnitTestMsTest", "NetCore-UnitTestMsTest\NetCore-UnitTestMsTest.csproj", "{F01CE4C7-9DDD-442B-AFD7-C00A8D56BC3B}"
EndProject
Global
	GlobalSection(SolutionConfigurationPlatforms) = preSolution
		Debug|Any CPU = Debug|Any CPU
		Release|Any CPU = Release|Any CPU
	EndGlobalSection
	GlobalSection(ProjectConfigurationPlatforms) = postSolution
		{27EB230E-4D9D-49AB-B64A-8A76F039A5E1}.Debug|Any CPU.ActiveCfg = Debug|Any CPU
		{27EB230E-4D9D-49AB-B64A-8A76F039A5E1}.Debug|Any CPU.Build.0 = Debug|Any CPU
		{27EB230E-4D9D-49AB-B64A-8A76F039A5E1}.Release|Any CPU.ActiveCfg = Release|Any CPU
		{27EB230E-4D9D-49AB-B64A-8A76F039A5E1}.Release|Any CPU.Build.0 = Release|Any CPU
		{6720438E-7D9A-4A0C-8204-EAB9BC8288C6}.Debug|Any CPU.ActiveCfg = Debug|Any CPU
		{6720438E-7D9A-4A0C-8204-EAB9BC8288C6}.Debug|Any CPU.Build.0 = Debug|Any CPU
		{6720438E-7D9A-4A0C-8204-EAB9BC8288C6}.Release|Any CPU.ActiveCfg = Release|Any CPU
		{6720438E-7D9A-4A0C-8204-EAB9BC8288C6}.Release|Any CPU.Build.0 = Release|Any CPU
		{C7DA1736-850B-44A8-A717-815A30AB1E25}.Debug|Any CPU.ActiveCfg = Debug|Any CPU
		{C7DA1736-850B-44A8-A717-815A30AB1E25}.Debug|Any CPU.Build.0 = Debug|Any CPU
		{C7DA1736-850B-44A8-A717-815A30AB1E25}.Release|Any CPU.ActiveCfg = Release|Any CPU
		{C7DA1736-850B-44A8-A717-815A30AB1E25}.Release|Any CPU.Build.0 = Release|Any CPU
		{E5257487-1BFD-4E9C-B09E-E169A1FAAB96}.Debug|Any CPU.ActiveCfg = Debug|Any CPU
		{E5257487-1BFD-4E9C-B09E-E169A1FAAB96}.Debug|Any CPU.Build.0 = Debug|Any CPU
		{E5257487-1BFD-4E9C-B09E-E169A1FAAB96}.Release|Any CPU.ActiveCfg = Release|Any CPU
		{E5257487-1BFD-4E9C-B09E-E169A1FAAB96}.Release|Any CPU.Build.0 = Release|Any CPU
		{9CA67BC9-56A9-4C6D-B6F7-33B9A2D0511F}.Debug|Any CPU.ActiveCfg = Debug|Any CPU
		{9CA67BC9-56A9-4C6D-B6F7-33B9A2D0511F}.Debug|Any CPU.Build.0 = Debug|Any CPU
		{9CA67BC9-56A9-4C6D-B6F7-33B9A2D0511F}.Release|Any CPU.ActiveCfg = Release|Any CPU
		{9CA67BC9-56A9-4C6D-B6F7-33B9A2D0511F}.Release|Any CPU.Build.0 = Release|Any CPU
		{F01CE4C7-9DDD-442B-AFD7-C00A8D56BC3B}.Debug|Any CPU.ActiveCfg = Debug|Any CPU
		{F01CE4C7-9DDD-442B-AFD7-C00A8D56BC3B}.Debug|Any CPU.Build.0 = Debug|Any CPU
		{F01CE4C7-9DDD-442B-AFD7-C00A8D56BC3B}.Release|Any CPU.ActiveCfg = Release|Any CPU
		{F01CE4C7-9DDD-442B-AFD7-C00A8D56BC3B}.Release|Any CPU.Build.0 = Release|Any CPU
	EndGlobalSection
	GlobalSection(SolutionProperties) = preSolution
		HideSolutionNode = FALSE
	EndGlobalSection
	GlobalSection(ExtensibilityGlobals) = postSolution
		SolutionGuid = {4011F75F-83E3-4090-8147-88174A231503}
	EndGlobalSection
EndGlobal
